{
  "originHash" : "723ae8fce28ad1e120dc74c92add265b8be010ac7bc84dada6db4b609e40e6a3",
  "pins" : [
    {
      "identity" : "faswiftui",
      "kind" : "remoteSourceControl",
      "location" : "https://github.com/mattmaddux/FASwiftUI",
      "state" : {
        "revision" : "f7e69239337e06ebb2c298d04ad86b7b2279e671",
        "version" : "2.1.0"
      }
    },
    {
      "identity" : "rive-ios",
      "kind" : "remoteSourceControl",
      "location" : "https://github.com/rive-app/rive-ios",
      "state" : {
        "revision" : "3e87b211c6edab7e13d57125982d25e9c4a2019f",
        "version" : "6.4.0"
      }
    },
    {
      "identity" : "swiftui-flow-layout",
      "kind" : "remoteSourceControl",
      "location" : "https://github.com/globulus/swiftui-flow-layout",
      "state" : {
        "revision" : "de7da3440c3b87ba94adfa98c698828d7746a76d",
        "version" : "1.0.5"
      }
    }
  ],
  "version" : 3
}
