{
  "originHash" : "20ba1d3e6b67027f0289fed83d3e66f57a55d22c8c2bd8c5a0cb40a6c119defd",
  "pins" : [
    {
      "identity" : "faswiftui",
      "kind" : "remoteSourceControl",
      "location" : "https://github.com/mattmaddux/FASwiftUI",
      "state" : {
        "revision" : "f7e69239337e06ebb2c298d04ad86b7b2279e671",
        "version" : "2.1.0"
      }
    }
  ],
  "version" : 3
}
